
Microsoft Visual Studio Solution File, Format Version 12.00
# Visual Studio Version 17
VisualStudioVersion = 17.7.34009.444
MinimumVisualStudioVersion = 10.0.40219.1
Project("{FAE04EC0-301F-11D3-BF4B-00C04F79EFBC}") = "DamkaGameLogic", "Ex05.DamkaGameLogic\DamkaGameLogic.csproj", "{E50A05E3-D039-457F-9337-30B01810C576}"
EndProject
Project("{FAE04EC0-301F-11D3-BF4B-00C04F79EFBC}") = "DamkaGameWindowsUI", "Ex05.DamkaGameWindowsUI\DamkaGameWindowsUI.csproj", "{CF61B911-289C-4CF2-82B4-3429B5105193}"
EndProject
Global
	GlobalSection(SolutionConfigurationPlatforms) = preSolution
		Debug|Any CPU = Debug|Any CPU
		Release|Any CPU = Release|Any CPU
	EndGlobalSection
	GlobalSection(ProjectConfigurationPlatforms) = postSolution
		{E50A05E3-D039-457F-9337-30B01810C576}.Debug|Any CPU.ActiveCfg = Debug|Any CPU
		{E50A05E3-D039-457F-9337-30B01810C576}.Debug|Any CPU.Build.0 = Debug|Any CPU
		{E50A05E3-D039-457F-9337-30B01810C576}.Release|Any CPU.ActiveCfg = Release|Any CPU
		{E50A05E3-D039-457F-9337-30B01810C576}.Release|Any CPU.Build.0 = Release|Any CPU
		{CF61B911-289C-4CF2-82B4-3429B5105193}.Debug|Any CPU.ActiveCfg = Debug|Any CPU
		{CF61B911-289C-4CF2-82B4-3429B5105193}.Debug|Any CPU.Build.0 = Debug|Any CPU
		{CF61B911-289C-4CF2-82B4-3429B5105193}.Release|Any CPU.ActiveCfg = Release|Any CPU
		{CF61B911-289C-4CF2-82B4-3429B5105193}.Release|Any CPU.Build.0 = Release|Any CPU
	EndGlobalSection
	GlobalSection(SolutionProperties) = preSolution
		HideSolutionNode = FALSE
	EndGlobalSection
	GlobalSection(ExtensibilityGlobals) = postSolution
		SolutionGuid = {D9B60FC2-B51F-46E7-928C-545B4BCCC5B4}
	EndGlobalSection
EndGlobal
